
Microsoft Visual Studio Solution File, Format Version 12.00
# Visual Studio Version 16
VisualStudioVersion = 16.0.32413.511
MinimumVisualStudioVersion = 10.0.40219.1
Project("{FAE04EC0-301F-11D3-BF4B-00C04F79EFBC}") = "Network Delay Time", "Network Delay Time\Network Delay Time.csproj", "{C9BB9D69-D957-4F86-9302-0ED436C6BC68}"
EndProject
Global
	GlobalSection(SolutionConfigurationPlatforms) = preSolution
		Debug|Any CPU = Debug|Any CPU
		Release|Any CPU = Release|Any CPU
	EndGlobalSection
	GlobalSection(ProjectConfigurationPlatforms) = postSolution
		{C9BB9D69-D957-4F86-9302-0ED436C6BC68}.Debug|Any CPU.ActiveCfg = Debug|Any CPU
		{C9BB9D69-D957-4F86-9302-0ED436C6BC68}.Debug|Any CPU.Build.0 = Debug|Any CPU
		{C9BB9D69-D957-4F86-9302-0ED436C6BC68}.Release|Any CPU.ActiveCfg = Release|Any CPU
		{C9BB9D69-D957-4F86-9302-0ED436C6BC68}.Release|Any CPU.Build.0 = Release|Any CPU
	EndGlobalSection
	GlobalSection(SolutionProperties) = preSolution
		HideSolutionNode = FALSE
	EndGlobalSection
	GlobalSection(ExtensibilityGlobals) = postSolution
		SolutionGuid = {9D0094A6-E57D-40E9-897B-326B2E1D9039}
	EndGlobalSection
EndGlobal
